
Microsoft Visual Studio Solution File, Format Version 12.00
# Visual Studio Version 16
VisualStudioVersion = 16.0.31205.134
MinimumVisualStudioVersion = 10.0.40219.1
Project("{FAE04EC0-301F-11D3-BF4B-00C04F79EFBC}") = "Servidor", "Servidor\Servidor.csproj", "{4B576AA3-8D1D-4320-AD54-487A80D45E04}"
EndProject
Project("{FAE04EC0-301F-11D3-BF4B-00C04F79EFBC}") = "Cliente", "Cliente\Cliente.csproj", "{AF20644F-186D-4864-B1F0-54537EC99F5D}"
EndProject
Global
	GlobalSection(SolutionConfigurationPlatforms) = preSolution
		Debug|Any CPU = Debug|Any CPU
		Release|Any CPU = Release|Any CPU
	EndGlobalSection
	GlobalSection(ProjectConfigurationPlatforms) = postSolution
		{4B576AA3-8D1D-4320-AD54-487A80D45E04}.Debug|Any CPU.ActiveCfg = Debug|Any CPU
		{4B576AA3-8D1D-4320-AD54-487A80D45E04}.Debug|Any CPU.Build.0 = Debug|Any CPU
		{4B576AA3-8D1D-4320-AD54-487A80D45E04}.Release|Any CPU.ActiveCfg = Release|Any CPU
		{4B576AA3-8D1D-4320-AD54-487A80D45E04}.Release|Any CPU.Build.0 = Release|Any CPU
		{AF20644F-186D-4864-B1F0-54537EC99F5D}.Debug|Any CPU.ActiveCfg = Debug|Any CPU
		{AF20644F-186D-4864-B1F0-54537EC99F5D}.Debug|Any CPU.Build.0 = Debug|Any CPU
		{AF20644F-186D-4864-B1F0-54537EC99F5D}.Release|Any CPU.ActiveCfg = Release|Any CPU
		{AF20644F-186D-4864-B1F0-54537EC99F5D}.Release|Any CPU.Build.0 = Release|Any CPU
	EndGlobalSection
	GlobalSection(SolutionProperties) = preSolution
		HideSolutionNode = FALSE
	EndGlobalSection
	GlobalSection(ExtensibilityGlobals) = postSolution
		SolutionGuid = {52DAA8E5-E190-43D9-9E29-ACC49B6C0C4D}
	EndGlobalSection
EndGlobal
